
Microsoft Visual Studio Solution File, Format Version 12.00
# Visual Studio Version 17
VisualStudioVersion = 17.8.34330.188
MinimumVisualStudioVersion = 10.0.40219.1
Project("{FAE04EC0-301F-11D3-BF4B-00C04F79EFBC}") = "KategorijeVozila", "KategorijeVozila\KategorijeVozila.csproj", "{DE3EF7C7-937A-4DD4-AF12-D88A85B3C76E}"
EndProject
Global
	GlobalSection(SolutionConfigurationPlatforms) = preSolution
		Debug|Any CPU = Debug|Any CPU
		Release|Any CPU = Release|Any CPU
	EndGlobalSection
	GlobalSection(ProjectConfigurationPlatforms) = postSolution
		{DE3EF7C7-937A-4DD4-AF12-D88A85B3C76E}.Debug|Any CPU.ActiveCfg = Debug|Any CPU
		{DE3EF7C7-937A-4DD4-AF12-D88A85B3C76E}.Debug|Any CPU.Build.0 = Debug|Any CPU
		{DE3EF7C7-937A-4DD4-AF12-D88A85B3C76E}.Release|Any CPU.ActiveCfg = Release|Any CPU
		{DE3EF7C7-937A-4DD4-AF12-D88A85B3C76E}.Release|Any CPU.Build.0 = Release|Any CPU
	EndGlobalSection
	GlobalSection(SolutionProperties) = preSolution
		HideSolutionNode = FALSE
	EndGlobalSection
	GlobalSection(ExtensibilityGlobals) = postSolution
		SolutionGuid = {1C35A5F7-12A0-4659-8F9B-E6B3E2B745BB}
	EndGlobalSection
EndGlobal
